// !$*UTF8*$!
{
	archiveVersion = 1;
	classes = {
	};
	objectVersion = 77;
	objects = {

/* Begin PBXBuildFile section */
		132FAA962D9B9C2700D6B817 /* PrintShareExtension.appex in Embed Foundation Extensions */ = {isa = PBXBuildFile; fileRef = 132FAA8C2D9B9C2700D6B817 /* PrintShareExtension.appex */; settings = {ATTRIBUTES = (RemoveHeadersOnCopy, ); }; };
		137DE3BF2D9231C800DC08D2 /* WidgetKit.framework in Frameworks */ = {isa = PBXBuildFile; fileRef = 13E90A1E2D8E41A100B91F46 /* WidgetKit.framework */; };
		137DE3C02D9231C800DC08D2 /* SwiftUI.framework in Frameworks */ = {isa = PBXBuildFile; fileRef = 13E90A202D8E41A100B91F46 /* SwiftUI.framework */; };
		137DE3D12D9231C900DC08D2 /* TimetableWidgetExtension.appex in Embed Foundation Extensions */ = {isa = PBXBuildFile; fileRef = 137DE3BE2D9231C700DC08D2 /* TimetableWidgetExtension.appex */; settings = {ATTRIBUTES = (RemoveHeadersOnCopy, ); }; };
		13E90A1F2D8E41A100B91F46 /* WidgetKit.framework in Frameworks */ = {isa = PBXBuildFile; fileRef = 13E90A1E2D8E41A100B91F46 /* WidgetKit.framework */; };
		13E90A212D8E41A100B91F46 /* SwiftUI.framework in Frameworks */ = {isa = PBXBuildFile; fileRef = 13E90A202D8E41A100B91F46 /* SwiftUI.framework */; };
		13E90A322D8E41A300B91F46 /* BusWidgetExtension.appex in Embed Foundation Extensions */ = {isa = PBXBuildFile; fileRef = 13E90A1C2D8E41A100B91F46 /* BusWidgetExtension.appex */; settings = {ATTRIBUTES = (RemoveHeadersOnCopy, ); }; };
/* End PBXBuildFile section */

/* Begin PBXContainerItemProxy section */
		132FAA942D9B9C2700D6B817 /* PBXContainerItemProxy */ = {
			isa = PBXContainerItemProxy;
			containerPortal = 134628E62D70417E00A27E98 /* Project object */;
			proxyType = 1;
			remoteGlobalIDString = 132FAA8B2D9B9C2700D6B817;
			remoteInfo = PrintShareExtension;
		};
		137DE3CF2D9231C900DC08D2 /* PBXContainerItemProxy */ = {
			isa = PBXContainerItemProxy;
			containerPortal = 134628E62D70417E00A27E98 /* Project object */;
			proxyType = 1;
			remoteGlobalIDString = 137DE3BD2D9231C700DC08D2;
			remoteInfo = TimetableWidgetExtension;
		};
		13E90A302D8E41A300B91F46 /* PBXContainerItemProxy */ = {
			isa = PBXContainerItemProxy;
			containerPortal = 134628E62D70417E00A27E98 /* Project object */;
			proxyType = 1;
			remoteGlobalIDString = 13E90A1B2D8E41A100B91F46;
			remoteInfo = BusWidgetExtension;
		};
/* End PBXContainerItemProxy section */

/* Begin PBXCopyFilesBuildPhase section */
		13E90A372D8E41A300B91F46 /* Embed Foundation Extensions */ = {
			isa = PBXCopyFilesBuildPhase;
			buildActionMask = 2147483647;
			dstPath = "";
			dstSubfolderSpec = 13;
			files = (
				132FAA962D9B9C2700D6B817 /* PrintShareExtension.appex in Embed Foundation Extensions */,
				137DE3D12D9231C900DC08D2 /* TimetableWidgetExtension.appex in Embed Foundation Extensions */,
				13E90A322D8E41A300B91F46 /* BusWidgetExtension.appex in Embed Foundation Extensions */,
			);
			name = "Embed Foundation Extensions";
			runOnlyForDeploymentPostprocessing = 0;
		};
/* End PBXCopyFilesBuildPhase section */

/* Begin PBXFileReference section */
		132FAA8C2D9B9C2700D6B817 /* PrintShareExtension.appex */ = {isa = PBXFileReference; explicitFileType = "wrapper.app-extension"; includeInIndex = 0; path = PrintShareExtension.appex; sourceTree = BUILT_PRODUCTS_DIR; };
		134628EE2D70417E00A27E98 /* tama.app */ = {isa = PBXFileReference; explicitFileType = wrapper.application; includeInIndex = 0; path = tama.app; sourceTree = BUILT_PRODUCTS_DIR; };
		137DE3BE2D9231C700DC08D2 /* TimetableWidgetExtension.appex */ = {isa = PBXFileReference; explicitFileType = "wrapper.app-extension"; includeInIndex = 0; path = TimetableWidgetExtension.appex; sourceTree = BUILT_PRODUCTS_DIR; };
		137DE3D62D92320000DC08D2 /* TimetableWidgetExtension.entitlements */ = {isa = PBXFileReference; lastKnownFileType = text.plist.entitlements; path = TimetableWidgetExtension.entitlements; sourceTree = "<group>"; };
		13E90A1C2D8E41A100B91F46 /* BusWidgetExtension.appex */ = {isa = PBXFileReference; explicitFileType = "wrapper.app-extension"; includeInIndex = 0; path = BusWidgetExtension.appex; sourceTree = BUILT_PRODUCTS_DIR; };
		13E90A1E2D8E41A100B91F46 /* WidgetKit.framework */ = {isa = PBXFileReference; lastKnownFileType = wrapper.framework; name = WidgetKit.framework; path = System/Library/Frameworks/WidgetKit.framework; sourceTree = SDKROOT; };
		13E90A202D8E41A100B91F46 /* SwiftUI.framework */ = {isa = PBXFileReference; lastKnownFileType = wrapper.framework; name = SwiftUI.framework; path = System/Library/Frameworks/SwiftUI.framework; sourceTree = SDKROOT; };
		13F79D802D8F7B7B002BCE42 /* BusWidgetExtension.entitlements */ = {isa = PBXFileReference; lastKnownFileType = text.plist.entitlements; path = BusWidgetExtension.entitlements; sourceTree = "<group>"; };
/* End PBXFileReference section */

/* Begin PBXFileSystemSynchronizedBuildFileExceptionSet section */
		132FAA9A2D9B9C2700D6B817 /* Exceptions for "PrintShareExtension" folder in "PrintShareExtension" target */ = {
			isa = PBXFileSystemSynchronizedBuildFileExceptionSet;
			membershipExceptions = (
				Info.plist,
			);
			target = 132FAA8B2D9B9C2700D6B817 /* PrintShareExtension */;
		};
		132FAA9E2D9B9F9500D6B817 /* Exceptions for "tama" folder in "PrintShareExtension" target */ = {
			isa = PBXFileSystemSynchronizedBuildFileExceptionSet;
			membershipExceptions = (
				Localizable.xcstrings,
			);
			target = 132FAA8B2D9B9C2700D6B817 /* PrintShareExtension */;
		};
		13640A2D2D7B215A003752FE /* Exceptions for "tama" folder in "tama" target */ = {
			isa = PBXFileSystemSynchronizedBuildFileExceptionSet;
			membershipExceptions = (
				Info.plist,
			);
			target = 134628ED2D70417E00A27E98 /* tama */;
		};
		137DE3B52D919E9800DC08D2 /* Exceptions for "tama" folder in "BusWidgetExtension" target */ = {
			isa = PBXFileSystemSynchronizedBuildFileExceptionSet;
			membershipExceptions = (
				Localizable.xcstrings,
			);
			target = 13E90A1B2D8E41A100B91F46 /* BusWidgetExtension */;
		};
		137DE3D52D9231C900DC08D2 /* Exceptions for "TimetableWidget" folder in "TimetableWidgetExtension" target */ = {
			isa = PBXFileSystemSynchronizedBuildFileExceptionSet;
			membershipExceptions = (
				Info.plist,
			);
			target = 137DE3BD2D9231C700DC08D2 /* TimetableWidgetExtension */;
		};
		13E068B42D931B3C00ECB0A3 /* Exceptions for "tama" folder in "TimetableWidgetExtension" target */ = {
			isa = PBXFileSystemSynchronizedBuildFileExceptionSet;
			membershipExceptions = (
				Localizable.xcstrings,
			);
			target = 137DE3BD2D9231C700DC08D2 /* TimetableWidgetExtension */;
		};
		13E90A362D8E41A300B91F46 /* Exceptions for "BusWidget" folder in "BusWidgetExtension" target */ = {
			isa = PBXFileSystemSynchronizedBuildFileExceptionSet;
			membershipExceptions = (
				Info.plist,
			);
			target = 13E90A1B2D8E41A100B91F46 /* BusWidgetExtension */;
		};
/* End PBXFileSystemSynchronizedBuildFileExceptionSet section */

/* Begin PBXFileSystemSynchronizedRootGroup section */
		132FAA8D2D9B9C2700D6B817 /* PrintShareExtension */ = {
			isa = PBXFileSystemSynchronizedRootGroup;
			exceptions = (
				132FAA9A2D9B9C2700D6B817 /* Exceptions for "PrintShareExtension" folder in "PrintShareExtension" target */,
			);
			path = PrintShareExtension;
			sourceTree = "<group>";
		};
		134628F02D70417E00A27E98 /* tama */ = {
			isa = PBXFileSystemSynchronizedRootGroup;
			exceptions = (
				13640A2D2D7B215A003752FE /* Exceptions for "tama" folder in "tama" target */,
				137DE3B52D919E9800DC08D2 /* Exceptions for "tama" folder in "BusWidgetExtension" target */,
				13E068B42D931B3C00ECB0A3 /* Exceptions for "tama" folder in "TimetableWidgetExtension" target */,
				132FAA9E2D9B9F9500D6B817 /* Exceptions for "tama" folder in "PrintShareExtension" target */,
			);
			path = tama;
			sourceTree = "<group>";
		};
		137DE3C12D9231C800DC08D2 /* TimetableWidget */ = {
			isa = PBXFileSystemSynchronizedRootGroup;
			exceptions = (
				137DE3D52D9231C900DC08D2 /* Exceptions for "TimetableWidget" folder in "TimetableWidgetExtension" target */,
			);
			path = TimetableWidget;
			sourceTree = "<group>";
		};
		13E90A222D8E41A100B91F46 /* BusWidget */ = {
			isa = PBXFileSystemSynchronizedRootGroup;
			exceptions = (
				13E90A362D8E41A300B91F46 /* Exceptions for "BusWidget" folder in "BusWidgetExtension" target */,
			);
			path = BusWidget;
			sourceTree = "<group>";
		};
/* End PBXFileSystemSynchronizedRootGroup section */

/* Begin PBXFrameworksBuildPhase section */
		132FAA892D9B9C2700D6B817 /* Frameworks */ = {
			isa = PBXFrameworksBuildPhase;
			buildActionMask = 2147483647;
			files = (
			);
			runOnlyForDeploymentPostprocessing = 0;
		};
		134628EB2D70417E00A27E98 /* Frameworks */ = {
			isa = PBXFrameworksBuildPhase;
			buildActionMask = 2147483647;
			files = (
			);
			runOnlyForDeploymentPostprocessing = 0;
		};
		137DE3BB2D9231C700DC08D2 /* Frameworks */ = {
			isa = PBXFrameworksBuildPhase;
			buildActionMask = 2147483647;
			files = (
				137DE3C02D9231C800DC08D2 /* SwiftUI.framework in Frameworks */,
				137DE3BF2D9231C800DC08D2 /* WidgetKit.framework in Frameworks */,
			);
			runOnlyForDeploymentPostprocessing = 0;
		};
		13E90A192D8E41A100B91F46 /* Frameworks */ = {
			isa = PBXFrameworksBuildPhase;
			buildActionMask = 2147483647;
			files = (
				13E90A212D8E41A100B91F46 /* SwiftUI.framework in Frameworks */,
				13E90A1F2D8E41A100B91F46 /* WidgetKit.framework in Frameworks */,
			);
			runOnlyForDeploymentPostprocessing = 0;
		};
/* End PBXFrameworksBuildPhase section */

/* Begin PBXGroup section */
		134628E52D70417E00A27E98 = {
			isa = PBXGroup;
			children = (
				137DE3D62D92320000DC08D2 /* TimetableWidgetExtension.entitlements */,
				13F79D802D8F7B7B002BCE42 /* BusWidgetExtension.entitlements */,
				134628F02D70417E00A27E98 /* tama */,
				13E90A222D8E41A100B91F46 /* BusWidget */,
				137DE3C12D9231C800DC08D2 /* TimetableWidget */,
				132FAA8D2D9B9C2700D6B817 /* PrintShareExtension */,
				13E90A1D2D8E41A100B91F46 /* Frameworks */,
				134628EF2D70417E00A27E98 /* Products */,
			);
			sourceTree = "<group>";
		};
		134628EF2D70417E00A27E98 /* Products */ = {
			isa = PBXGroup;
			children = (
				134628EE2D70417E00A27E98 /* tama.app */,
				13E90A1C2D8E41A100B91F46 /* BusWidgetExtension.appex */,
				137DE3BE2D9231C700DC08D2 /* TimetableWidgetExtension.appex */,
				132FAA8C2D9B9C2700D6B817 /* PrintShareExtension.appex */,
			);
			name = Products;
			sourceTree = "<group>";
		};
		13E90A1D2D8E41A100B91F46 /* Frameworks */ = {
			isa = PBXGroup;
			children = (
				13E90A1E2D8E41A100B91F46 /* WidgetKit.framework */,
				13E90A202D8E41A100B91F46 /* SwiftUI.framework */,
			);
			name = Frameworks;
			sourceTree = "<group>";
		};
/* End PBXGroup section */

/* Begin PBXNativeTarget section */
		132FAA8B2D9B9C2700D6B817 /* PrintShareExtension */ = {
			isa = PBXNativeTarget;
			buildConfigurationList = 132FAA972D9B9C2700D6B817 /* Build configuration list for PBXNativeTarget "PrintShareExtension" */;
			buildPhases = (
				132FAA882D9B9C2700D6B817 /* Sources */,
				132FAA892D9B9C2700D6B817 /* Frameworks */,
				132FAA8A2D9B9C2700D6B817 /* Resources */,
			);
			buildRules = (
			);
			dependencies = (
			);
			fileSystemSynchronizedGroups = (
				132FAA8D2D9B9C2700D6B817 /* PrintShareExtension */,
			);
			name = PrintShareExtension;
			packageProductDependencies = (
			);
			productName = PrintShareExtension;
			productReference = 132FAA8C2D9B9C2700D6B817 /* PrintShareExtension.appex */;
			productType = "com.apple.product-type.app-extension";
		};
		134628ED2D70417E00A27E98 /* tama */ = {
			isa = PBXNativeTarget;
			buildConfigurationList = 134629142D70418100A27E98 /* Build configuration list for PBXNativeTarget "tama" */;
			buildPhases = (
				134628EA2D70417E00A27E98 /* Sources */,
				134628EB2D70417E00A27E98 /* Frameworks */,
				134628EC2D70417E00A27E98 /* Resources */,
				13E90A372D8E41A300B91F46 /* Embed Foundation Extensions */,
			);
			buildRules = (
			);
			dependencies = (
				13E90A312D8E41A300B91F46 /* PBXTargetDependency */,
				137DE3D02D9231C900DC08D2 /* PBXTargetDependency */,
				132FAA952D9B9C2700D6B817 /* PBXTargetDependency */,
			);
			fileSystemSynchronizedGroups = (
				134628F02D70417E00A27E98 /* tama */,
			);
			name = tama;
			packageProductDependencies = (
			);
			productName = tama;
			productReference = 134628EE2D70417E00A27E98 /* tama.app */;
			productType = "com.apple.product-type.application";
		};
		137DE3BD2D9231C700DC08D2 /* TimetableWidgetExtension */ = {
			isa = PBXNativeTarget;
			buildConfigurationList = 137DE3D22D9231C900DC08D2 /* Build configuration list for PBXNativeTarget "TimetableWidgetExtension" */;
			buildPhases = (
				137DE3BA2D9231C700DC08D2 /* Sources */,
				137DE3BB2D9231C700DC08D2 /* Frameworks */,
				137DE3BC2D9231C700DC08D2 /* Resources */,
			);
			buildRules = (
			);
			dependencies = (
			);
			fileSystemSynchronizedGroups = (
				137DE3C12D9231C800DC08D2 /* TimetableWidget */,
			);
			name = TimetableWidgetExtension;
			packageProductDependencies = (
			);
			productName = TimetableWidgetExtension;
			productReference = 137DE3BE2D9231C700DC08D2 /* TimetableWidgetExtension.appex */;
			productType = "com.apple.product-type.app-extension";
		};
		13E90A1B2D8E41A100B91F46 /* BusWidgetExtension */ = {
			isa = PBXNativeTarget;
			buildConfigurationList = 13E90A332D8E41A300B91F46 /* Build configuration list for PBXNativeTarget "BusWidgetExtension" */;
			buildPhases = (
				13E90A182D8E41A100B91F46 /* Sources */,
				13E90A192D8E41A100B91F46 /* Frameworks */,
				13E90A1A2D8E41A100B91F46 /* Resources */,
			);
			buildRules = (
			);
			dependencies = (
			);
			fileSystemSynchronizedGroups = (
				13E90A222D8E41A100B91F46 /* BusWidget */,
			);
			name = BusWidgetExtension;
			packageProductDependencies = (
			);
			productName = BusWidgetExtension;
			productReference = 13E90A1C2D8E41A100B91F46 /* BusWidgetExtension.appex */;
			productType = "com.apple.product-type.app-extension";
		};
/* End PBXNativeTarget section */

/* Begin PBXProject section */
		134628E62D70417E00A27E98 /* Project object */ = {
			isa = PBXProject;
			attributes = {
				BuildIndependentTargetsInParallel = 1;
				LastSwiftUpdateCheck = 1610;
				LastUpgradeCheck = 1610;
				TargetAttributes = {
					132FAA8B2D9B9C2700D6B817 = {
						CreatedOnToolsVersion = 16.1;
					};
					134628ED2D70417E00A27E98 = {
						CreatedOnToolsVersion = 16.1;
					};
					137DE3BD2D9231C700DC08D2 = {
						CreatedOnToolsVersion = 16.1;
					};
					13E90A1B2D8E41A100B91F46 = {
						CreatedOnToolsVersion = 16.1;
					};
				};
			};
			buildConfigurationList = 134628E92D70417E00A27E98 /* Build configuration list for PBXProject "tama" */;
			developmentRegion = ja;
			hasScannedForEncodings = 0;
			knownRegions = (
				ja,
				Base,
				"zh-Hans",
				en,
				ko,
			);
			mainGroup = 134628E52D70417E00A27E98;
			minimizedProjectReferenceProxies = 1;
			preferredProjectObjectVersion = 77;
			productRefGroup = 134628EF2D70417E00A27E98 /* Products */;
			projectDirPath = "";
			projectRoot = "";
			targets = (
				134628ED2D70417E00A27E98 /* tama */,
				13E90A1B2D8E41A100B91F46 /* BusWidgetExtension */,
				137DE3BD2D9231C700DC08D2 /* TimetableWidgetExtension */,
				132FAA8B2D9B9C2700D6B817 /* PrintShareExtension */,
			);
		};
/* End PBXProject section */

/* Begin PBXResourcesBuildPhase section */
		132FAA8A2D9B9C2700D6B817 /* Resources */ = {
			isa = PBXResourcesBuildPhase;
			buildActionMask = 2147483647;
			files = (
			);
			runOnlyForDeploymentPostprocessing = 0;
		};
		134628EC2D70417E00A27E98 /* Resources */ = {
			isa = PBXResourcesBuildPhase;
			buildActionMask = 2147483647;
			files = (
			);
			runOnlyForDeploymentPostprocessing = 0;
		};
		137DE3BC2D9231C700DC08D2 /* Resources */ = {
			isa = PBXResourcesBuildPhase;
			buildActionMask = 2147483647;
			files = (
			);
			runOnlyForDeploymentPostprocessing = 0;
		};
		13E90A1A2D8E41A100B91F46 /* Resources */ = {
			isa = PBXResourcesBuildPhase;
			buildActionMask = 2147483647;
			files = (
			);
			runOnlyForDeploymentPostprocessing = 0;
		};
/* End PBXResourcesBuildPhase section */

/* Begin PBXSourcesBuildPhase section */
		132FAA882D9B9C2700D6B817 /* Sources */ = {
			isa = PBXSourcesBuildPhase;
			buildActionMask = 2147483647;
			files = (
			);
			runOnlyForDeploymentPostprocessing = 0;
		};
		134628EA2D70417E00A27E98 /* Sources */ = {
			isa = PBXSourcesBuildPhase;
			buildActionMask = 2147483647;
			files = (
			);
			runOnlyForDeploymentPostprocessing = 0;
		};
		137DE3BA2D9231C700DC08D2 /* Sources */ = {
			isa = PBXSourcesBuildPhase;
			buildActionMask = 2147483647;
			files = (
			);
			runOnlyForDeploymentPostprocessing = 0;
		};
		13E90A182D8E41A100B91F46 /* Sources */ = {
			isa = PBXSourcesBuildPhase;
			buildActionMask = 2147483647;
			files = (
			);
			runOnlyForDeploymentPostprocessing = 0;
		};
/* End PBXSourcesBuildPhase section */

/* Begin PBXTargetDependency section */
		132FAA952D9B9C2700D6B817 /* PBXTargetDependency */ = {
			isa = PBXTargetDependency;
			target = 132FAA8B2D9B9C2700D6B817 /* PrintShareExtension */;
			targetProxy = 132FAA942D9B9C2700D6B817 /* PBXContainerItemProxy */;
		};
		137DE3D02D9231C900DC08D2 /* PBXTargetDependency */ = {
			isa = PBXTargetDependency;
			target = 137DE3BD2D9231C700DC08D2 /* TimetableWidgetExtension */;
			targetProxy = 137DE3CF2D9231C900DC08D2 /* PBXContainerItemProxy */;
		};
		13E90A312D8E41A300B91F46 /* PBXTargetDependency */ = {
			isa = PBXTargetDependency;
			target = 13E90A1B2D8E41A100B91F46 /* BusWidgetExtension */;
			targetProxy = 13E90A302D8E41A300B91F46 /* PBXContainerItemProxy */;
		};
/* End PBXTargetDependency section */

/* Begin XCBuildConfiguration section */
		132FAA982D9B9C2700D6B817 /* Debug */ = {
			isa = XCBuildConfiguration;
			buildSettings = {
				CODE_SIGN_ENTITLEMENTS = PrintShareExtension/PrintShareExtension.entitlements;
				CODE_SIGN_STYLE = Automatic;
				CURRENT_PROJECT_VERSION = 1;
				DEVELOPMENT_TEAM = 4H88DC6RMN;
				GENERATE_INFOPLIST_FILE = YES;
				INFOPLIST_FILE = PrintShareExtension/Info.plist;
				INFOPLIST_KEY_CFBundleDisplayName = PrintShareExtension;
				INFOPLIST_KEY_NSHumanReadableCopyright = "";
				IPHONEOS_DEPLOYMENT_TARGET = 17.0;
				LD_RUNPATH_SEARCH_PATHS = (
					"$(inherited)",
					"@executable_path/Frameworks",
					"@executable_path/../../Frameworks",
				);
				MARKETING_VERSION = 1.4;
				PRODUCT_BUNDLE_IDENTIFIER = com.meikenn.tama.PrintShareExtension;
				PRODUCT_NAME = "$(TARGET_NAME)";
				SKIP_INSTALL = YES;
				SWIFT_EMIT_LOC_STRINGS = YES;
				SWIFT_VERSION = 5.0;
				TARGETED_DEVICE_FAMILY = "1,2";
			};
			name = Debug;
		};
		132FAA992D9B9C2700D6B817 /* Release */ = {
			isa = XCBuildConfiguration;
			buildSettings = {
				CODE_SIGN_ENTITLEMENTS = PrintShareExtension/PrintShareExtension.entitlements;
				CODE_SIGN_STYLE = Automatic;
				CURRENT_PROJECT_VERSION = 1;
				DEVELOPMENT_TEAM = 4H88DC6RMN;
				GENERATE_INFOPLIST_FILE = YES;
				INFOPLIST_FILE = PrintShareExtension/Info.plist;
				INFOPLIST_KEY_CFBundleDisplayName = PrintShareExtension;
				INFOPLIST_KEY_NSHumanReadableCopyright = "";
				IPHONEOS_DEPLOYMENT_TARGET = 17.0;
				LD_RUNPATH_SEARCH_PATHS = (
					"$(inherited)",
					"@executable_path/Frameworks",
					"@executable_path/../../Frameworks",
				);
				MARKETING_VERSION = 1.4;
				PRODUCT_BUNDLE_IDENTIFIER = com.meikenn.tama.PrintShareExtension;
				PRODUCT_NAME = "$(TARGET_NAME)";
				SKIP_INSTALL = YES;
				SWIFT_EMIT_LOC_STRINGS = YES;
				SWIFT_VERSION = 5.0;
				TARGETED_DEVICE_FAMILY = "1,2";
			};
			name = Release;
		};
		134629122D70418100A27E98 /* Debug */ = {
			isa = XCBuildConfiguration;
			buildSettings = {
				ALWAYS_SEARCH_USER_PATHS = NO;
				ASSETCATALOG_COMPILER_GENERATE_SWIFT_ASSET_SYMBOL_EXTENSIONS = YES;
				CLANG_ANALYZER_NONNULL = YES;
				CLANG_ANALYZER_NUMBER_OBJECT_CONVERSION = YES_AGGRESSIVE;
				CLANG_CXX_LANGUAGE_STANDARD = "gnu++20";
				CLANG_ENABLE_MODULES = YES;
				CLANG_ENABLE_OBJC_ARC = YES;
				CLANG_ENABLE_OBJC_WEAK = YES;
				CLANG_WARN_BLOCK_CAPTURE_AUTORELEASING = YES;
				CLANG_WARN_BOOL_CONVERSION = YES;
				CLANG_WARN_COMMA = YES;
				CLANG_WARN_CONSTANT_CONVERSION = YES;
				CLANG_WARN_DEPRECATED_OBJC_IMPLEMENTATIONS = YES;
				CLANG_WARN_DIRECT_OBJC_ISA_USAGE = YES_ERROR;
				CLANG_WARN_DOCUMENTATION_COMMENTS = YES;
				CLANG_WARN_EMPTY_BODY = YES;
				CLANG_WARN_ENUM_CONVERSION = YES;
				CLANG_WARN_INFINITE_RECURSION = YES;
				CLANG_WARN_INT_CONVERSION = YES;
				CLANG_WARN_NON_LITERAL_NULL_CONVERSION = YES;
				CLANG_WARN_OBJC_IMPLICIT_RETAIN_SELF = YES;
				CLANG_WARN_OBJC_LITERAL_CONVERSION = YES;
				CLANG_WARN_OBJC_ROOT_CLASS = YES_ERROR;
				CLANG_WARN_QUOTED_INCLUDE_IN_FRAMEWORK_HEADER = YES;
				CLANG_WARN_RANGE_LOOP_ANALYSIS = YES;
				CLANG_WARN_STRICT_PROTOTYPES = YES;
				CLANG_WARN_SUSPICIOUS_MOVE = YES;
				CLANG_WARN_UNGUARDED_AVAILABILITY = YES_AGGRESSIVE;
				CLANG_WARN_UNREACHABLE_CODE = YES;
				CLANG_WARN__DUPLICATE_METHOD_MATCH = YES;
				COPY_PHASE_STRIP = NO;
				DEBUG_INFORMATION_FORMAT = dwarf;
				ENABLE_STRICT_OBJC_MSGSEND = YES;
				ENABLE_TESTABILITY = YES;
				ENABLE_USER_SCRIPT_SANDBOXING = YES;
				GCC_C_LANGUAGE_STANDARD = gnu17;
				GCC_DYNAMIC_NO_PIC = NO;
				GCC_NO_COMMON_BLOCKS = YES;
				GCC_OPTIMIZATION_LEVEL = 0;
				GCC_PREPROCESSOR_DEFINITIONS = (
					"DEBUG=1",
					"$(inherited)",
				);
				GCC_WARN_64_TO_32_BIT_CONVERSION = YES;
				GCC_WARN_ABOUT_RETURN_TYPE = YES_ERROR;
				GCC_WARN_UNDECLARED_SELECTOR = YES;
				GCC_WARN_UNINITIALIZED_AUTOS = YES_AGGRESSIVE;
				GCC_WARN_UNUSED_FUNCTION = YES;
				GCC_WARN_UNUSED_VARIABLE = YES;
				IPHONEOS_DEPLOYMENT_TARGET = 18.1;
				LOCALIZATION_PREFERS_STRING_CATALOGS = YES;
				MTL_ENABLE_DEBUG_INFO = INCLUDE_SOURCE;
				MTL_FAST_MATH = YES;
				ONLY_ACTIVE_ARCH = YES;
				SDKROOT = iphoneos;
				SWIFT_ACTIVE_COMPILATION_CONDITIONS = "DEBUG $(inherited)";
				SWIFT_OPTIMIZATION_LEVEL = "-Onone";
			};
			name = Debug;
		};
		134629132D70418100A27E98 /* Release */ = {
			isa = XCBuildConfiguration;
			buildSettings = {
				ALWAYS_SEARCH_USER_PATHS = NO;
				ASSETCATALOG_COMPILER_GENERATE_SWIFT_ASSET_SYMBOL_EXTENSIONS = YES;
				CLANG_ANALYZER_NONNULL = YES;
				CLANG_ANALYZER_NUMBER_OBJECT_CONVERSION = YES_AGGRESSIVE;
				CLANG_CXX_LANGUAGE_STANDARD = "gnu++20";
				CLANG_ENABLE_MODULES = YES;
				CLANG_ENABLE_OBJC_ARC = YES;
				CLANG_ENABLE_OBJC_WEAK = YES;
				CLANG_WARN_BLOCK_CAPTURE_AUTORELEASING = YES;
				CLANG_WARN_BOOL_CONVERSION = YES;
				CLANG_WARN_COMMA = YES;
				CLANG_WARN_CONSTANT_CONVERSION = YES;
				CLANG_WARN_DEPRECATED_OBJC_IMPLEMENTATIONS = YES;
				CLANG_WARN_DIRECT_OBJC_ISA_USAGE = YES_ERROR;
				CLANG_WARN_DOCUMENTATION_COMMENTS = YES;
				CLANG_WARN_EMPTY_BODY = YES;
				CLANG_WARN_ENUM_CONVERSION = YES;
				CLANG_WARN_INFINITE_RECURSION = YES;
				CLANG_WARN_INT_CONVERSION = YES;
				CLANG_WARN_NON_LITERAL_NULL_CONVERSION = YES;
				CLANG_WARN_OBJC_IMPLICIT_RETAIN_SELF = YES;
				CLANG_WARN_OBJC_LITERAL_CONVERSION = YES;
				CLANG_WARN_OBJC_ROOT_CLASS = YES_ERROR;
				CLANG_WARN_QUOTED_INCLUDE_IN_FRAMEWORK_HEADER = YES;
				CLANG_WARN_RANGE_LOOP_ANALYSIS = YES;
				CLANG_WARN_STRICT_PROTOTYPES = YES;
				CLANG_WARN_SUSPICIOUS_MOVE = YES;
				CLANG_WARN_UNGUARDED_AVAILABILITY = YES_AGGRESSIVE;
				CLANG_WARN_UNREACHABLE_CODE = YES;
				CLANG_WARN__DUPLICATE_METHOD_MATCH = YES;
				COPY_PHASE_STRIP = NO;
				DEBUG_INFORMATION_FORMAT = "dwarf-with-dsym";
				ENABLE_NS_ASSERTIONS = NO;
				ENABLE_STRICT_OBJC_MSGSEND = YES;
				ENABLE_USER_SCRIPT_SANDBOXING = YES;
				GCC_C_LANGUAGE_STANDARD = gnu17;
				GCC_NO_COMMON_BLOCKS = YES;
				GCC_WARN_64_TO_32_BIT_CONVERSION = YES;
				GCC_WARN_ABOUT_RETURN_TYPE = YES_ERROR;
				GCC_WARN_UNDECLARED_SELECTOR = YES;
				GCC_WARN_UNINITIALIZED_AUTOS = YES_AGGRESSIVE;
				GCC_WARN_UNUSED_FUNCTION = YES;
				GCC_WARN_UNUSED_VARIABLE = YES;
				IPHONEOS_DEPLOYMENT_TARGET = 18.1;
				LOCALIZATION_PREFERS_STRING_CATALOGS = YES;
				MTL_ENABLE_DEBUG_INFO = NO;
				MTL_FAST_MATH = YES;
				SDKROOT = iphoneos;
				SWIFT_COMPILATION_MODE = wholemodule;
				VALIDATE_PRODUCT = YES;
			};
			name = Release;
		};
		134629152D70418100A27E98 /* Debug */ = {
			isa = XCBuildConfiguration;
			buildSettings = {
				ASSETCATALOG_COMPILER_APPICON_NAME = AppIcon;
				ASSETCATALOG_COMPILER_GLOBAL_ACCENT_COLOR_NAME = AccentColor;
				ASSETCATALOG_COMPILER_INCLUDE_ALL_APPICON_ASSETS = NO;
				CODE_SIGN_ENTITLEMENTS = tama/tama.entitlements;
				CODE_SIGN_STYLE = Automatic;
				CURRENT_PROJECT_VERSION = 1;
				DEVELOPMENT_ASSET_PATHS = "\"tama/Preview Content\"";
				DEVELOPMENT_TEAM = 4H88DC6RMN;
				ENABLE_PREVIEWS = YES;
				GENERATE_INFOPLIST_FILE = YES;
				INFOPLIST_FILE = tama/Info.plist;
				INFOPLIST_KEY_CFBundleDisplayName = TUTnext;
				INFOPLIST_KEY_LSApplicationCategoryType = "public.app-category.education";
				INFOPLIST_KEY_NSLocationWhenInUseUsageDescription = "現在地に基づいてバスの時刻表の表示順を最適化するために位置情報を使用します。";
				INFOPLIST_KEY_UIApplicationSceneManifest_Generation = YES;
				INFOPLIST_KEY_UIApplicationSupportsIndirectInputEvents = YES;
				INFOPLIST_KEY_UILaunchScreen_Generation = YES;
				INFOPLIST_KEY_UISupportedInterfaceOrientations = UIInterfaceOrientationPortrait;
				INFOPLIST_KEY_UISupportedInterfaceOrientations_iPad = "UIInterfaceOrientationLandscapeLeft UIInterfaceOrientationLandscapeRight UIInterfaceOrientationPortrait UIInterfaceOrientationPortraitUpsideDown";
				IPHONEOS_DEPLOYMENT_TARGET = 17.0;
				LD_RUNPATH_SEARCH_PATHS = (
					"$(inherited)",
					"@executable_path/Frameworks",
				);
				MARKETING_VERSION = 1.4;
				PRODUCT_BUNDLE_IDENTIFIER = com.meikenn.tama;
				PRODUCT_NAME = "$(TARGET_NAME)";
				SUPPORTED_PLATFORMS = "iphoneos iphonesimulator";
				SUPPORTS_MACCATALYST = NO;
				SUPPORTS_MAC_DESIGNED_FOR_IPHONE_IPAD = NO;
				SUPPORTS_XR_DESIGNED_FOR_IPHONE_IPAD = NO;
				SWIFT_EMIT_LOC_STRINGS = YES;
				SWIFT_VERSION = 5.0;
				TARGETED_DEVICE_FAMILY = 1;
			};
			name = Debug;
		};
		134629162D70418100A27E98 /* Release */ = {
			isa = XCBuildConfiguration;
			buildSettings = {
				ASSETCATALOG_COMPILER_APPICON_NAME = AppIcon;
				ASSETCATALOG_COMPILER_GLOBAL_ACCENT_COLOR_NAME = AccentColor;
				ASSETCATALOG_COMPILER_INCLUDE_ALL_APPICON_ASSETS = NO;
				CODE_SIGN_ENTITLEMENTS = tama/tama.entitlements;
				CODE_SIGN_STYLE = Automatic;
				CURRENT_PROJECT_VERSION = 1;
				DEVELOPMENT_ASSET_PATHS = "\"tama/Preview Content\"";
				DEVELOPMENT_TEAM = 4H88DC6RMN;
				ENABLE_PREVIEWS = YES;
				GENERATE_INFOPLIST_FILE = YES;
				INFOPLIST_FILE = tama/Info.plist;
				INFOPLIST_KEY_CFBundleDisplayName = TUTnext;
				INFOPLIST_KEY_LSApplicationCategoryType = "public.app-category.education";
				INFOPLIST_KEY_NSLocationWhenInUseUsageDescription = "現在地に基づいてバスの時刻表の表示順を最適化するために位置情報を使用します。";
				INFOPLIST_KEY_UIApplicationSceneManifest_Generation = YES;
				INFOPLIST_KEY_UIApplicationSupportsIndirectInputEvents = YES;
				INFOPLIST_KEY_UILaunchScreen_Generation = YES;
				INFOPLIST_KEY_UISupportedInterfaceOrientations = UIInterfaceOrientationPortrait;
				INFOPLIST_KEY_UISupportedInterfaceOrientations_iPad = "UIInterfaceOrientationLandscapeLeft UIInterfaceOrientationLandscapeRight UIInterfaceOrientationPortrait UIInterfaceOrientationPortraitUpsideDown";
				IPHONEOS_DEPLOYMENT_TARGET = 17.0;
				LD_RUNPATH_SEARCH_PATHS = (
					"$(inherited)",
					"@executable_path/Frameworks",
				);
				MARKETING_VERSION = 1.4;
				PRODUCT_BUNDLE_IDENTIFIER = com.meikenn.tama;
				PRODUCT_NAME = "$(TARGET_NAME)";
				SUPPORTED_PLATFORMS = "iphoneos iphonesimulator";
				SUPPORTS_MACCATALYST = NO;
				SUPPORTS_MAC_DESIGNED_FOR_IPHONE_IPAD = NO;
				SUPPORTS_XR_DESIGNED_FOR_IPHONE_IPAD = NO;
				SWIFT_EMIT_LOC_STRINGS = YES;
				SWIFT_VERSION = 5.0;
				TARGETED_DEVICE_FAMILY = 1;
			};
			name = Release;
		};
		137DE3D32D9231C900DC08D2 /* Debug */ = {
			isa = XCBuildConfiguration;
			buildSettings = {
				ASSETCATALOG_COMPILER_GLOBAL_ACCENT_COLOR_NAME = AccentColor;
				ASSETCATALOG_COMPILER_WIDGET_BACKGROUND_COLOR_NAME = WidgetBackground;
				CODE_SIGN_ENTITLEMENTS = TimetableWidgetExtension.entitlements;
				CODE_SIGN_STYLE = Automatic;
				CURRENT_PROJECT_VERSION = 1;
				DEVELOPMENT_TEAM = 4H88DC6RMN;
				GENERATE_INFOPLIST_FILE = YES;
				INFOPLIST_FILE = TimetableWidget/Info.plist;
				INFOPLIST_KEY_CFBundleDisplayName = TimetableWidget;
				INFOPLIST_KEY_NSHumanReadableCopyright = "";
				IPHONEOS_DEPLOYMENT_TARGET = 17.0;
				LD_RUNPATH_SEARCH_PATHS = (
					"$(inherited)",
					"@executable_path/Frameworks",
					"@executable_path/../../Frameworks",
				);
				MARKETING_VERSION = 1.4;
				PRODUCT_BUNDLE_IDENTIFIER = com.meikenn.tama.TimetableWidget;
				PRODUCT_NAME = "$(TARGET_NAME)";
				SKIP_INSTALL = YES;
				SWIFT_EMIT_LOC_STRINGS = YES;
				SWIFT_VERSION = 5.0;
				TARGETED_DEVICE_FAMILY = "1,2";
			};
			name = Debug;
		};
		137DE3D42D9231C900DC08D2 /* Release */ = {
			isa = XCBuildConfiguration;
			buildSettings = {
				ASSETCATALOG_COMPILER_GLOBAL_ACCENT_COLOR_NAME = AccentColor;
				ASSETCATALOG_COMPILER_WIDGET_BACKGROUND_COLOR_NAME = WidgetBackground;
				CODE_SIGN_ENTITLEMENTS = TimetableWidgetExtension.entitlements;
				CODE_SIGN_STYLE = Automatic;
				CURRENT_PROJECT_VERSION = 1;
				DEVELOPMENT_TEAM = 4H88DC6RMN;
				GENERATE_INFOPLIST_FILE = YES;
				INFOPLIST_FILE = TimetableWidget/Info.plist;
				INFOPLIST_KEY_CFBundleDisplayName = TimetableWidget;
				INFOPLIST_KEY_NSHumanReadableCopyright = "";
				IPHONEOS_DEPLOYMENT_TARGET = 17.0;
				LD_RUNPATH_SEARCH_PATHS = (
					"$(inherited)",
					"@executable_path/Frameworks",
					"@executable_path/../../Frameworks",
				);
				MARKETING_VERSION = 1.4;
				PRODUCT_BUNDLE_IDENTIFIER = com.meikenn.tama.TimetableWidget;
				PRODUCT_NAME = "$(TARGET_NAME)";
				SKIP_INSTALL = YES;
				SWIFT_EMIT_LOC_STRINGS = YES;
				SWIFT_VERSION = 5.0;
				TARGETED_DEVICE_FAMILY = "1,2";
			};
			name = Release;
		};
		13E90A342D8E41A300B91F46 /* Debug */ = {
			isa = XCBuildConfiguration;
			buildSettings = {
				ASSETCATALOG_COMPILER_GLOBAL_ACCENT_COLOR_NAME = AccentColor;
				ASSETCATALOG_COMPILER_WIDGET_BACKGROUND_COLOR_NAME = WidgetBackground;
				CODE_SIGN_ENTITLEMENTS = BusWidgetExtension.entitlements;
				CODE_SIGN_STYLE = Automatic;
				CURRENT_PROJECT_VERSION = 1;
				DEVELOPMENT_TEAM = 4H88DC6RMN;
				GENERATE_INFOPLIST_FILE = YES;
				INFOPLIST_FILE = BusWidget/Info.plist;
				INFOPLIST_KEY_CFBundleDisplayName = BusWidget;
				INFOPLIST_KEY_NSHumanReadableCopyright = "";
				IPHONEOS_DEPLOYMENT_TARGET = 17.0;
				LD_RUNPATH_SEARCH_PATHS = (
					"$(inherited)",
					"@executable_path/Frameworks",
					"@executable_path/../../Frameworks",
				);
				MARKETING_VERSION = 1.4;
				PRODUCT_BUNDLE_IDENTIFIER = com.meikenn.tama.BusWidget;
				PRODUCT_NAME = "$(TARGET_NAME)";
				SKIP_INSTALL = YES;
				SWIFT_EMIT_LOC_STRINGS = YES;
				SWIFT_VERSION = 5.0;
				TARGETED_DEVICE_FAMILY = "1,2";
			};
			name = Debug;
		};
		13E90A352D8E41A300B91F46 /* Release */ = {
			isa = XCBuildConfiguration;
			buildSettings = {
				ASSETCATALOG_COMPILER_GLOBAL_ACCENT_COLOR_NAME = AccentColor;
				ASSETCATALOG_COMPILER_WIDGET_BACKGROUND_COLOR_NAME = WidgetBackground;
				CODE_SIGN_ENTITLEMENTS = BusWidgetExtension.entitlements;
				CODE_SIGN_STYLE = Automatic;
				CURRENT_PROJECT_VERSION = 1;
				DEVELOPMENT_TEAM = 4H88DC6RMN;
				GENERATE_INFOPLIST_FILE = YES;
				INFOPLIST_FILE = BusWidget/Info.plist;
				INFOPLIST_KEY_CFBundleDisplayName = BusWidget;
				INFOPLIST_KEY_NSHumanReadableCopyright = "";
				IPHONEOS_DEPLOYMENT_TARGET = 17.0;
				LD_RUNPATH_SEARCH_PATHS = (
					"$(inherited)",
					"@executable_path/Frameworks",
					"@executable_path/../../Frameworks",
				);
				MARKETING_VERSION = 1.4;
				PRODUCT_BUNDLE_IDENTIFIER = com.meikenn.tama.BusWidget;
				PRODUCT_NAME = "$(TARGET_NAME)";
				SKIP_INSTALL = YES;
				SWIFT_EMIT_LOC_STRINGS = YES;
				SWIFT_VERSION = 5.0;
				TARGETED_DEVICE_FAMILY = "1,2";
			};
			name = Release;
		};
/* End XCBuildConfiguration section */

/* Begin XCConfigurationList section */
		132FAA972D9B9C2700D6B817 /* Build configuration list for PBXNativeTarget "PrintShareExtension" */ = {
			isa = XCConfigurationList;
			buildConfigurations = (
				132FAA982D9B9C2700D6B817 /* Debug */,
				132FAA992D9B9C2700D6B817 /* Release */,
			);
			defaultConfigurationIsVisible = 0;
			defaultConfigurationName = Release;
		};
		134628E92D70417E00A27E98 /* Build configuration list for PBXProject "tama" */ = {
			isa = XCConfigurationList;
			buildConfigurations = (
				134629122D70418100A27E98 /* Debug */,
				134629132D70418100A27E98 /* Release */,
			);
			defaultConfigurationIsVisible = 0;
			defaultConfigurationName = Release;
		};
		134629142D70418100A27E98 /* Build configuration list for PBXNativeTarget "tama" */ = {
			isa = XCConfigurationList;
			buildConfigurations = (
				134629152D70418100A27E98 /* Debug */,
				134629162D70418100A27E98 /* Release */,
			);
			defaultConfigurationIsVisible = 0;
			defaultConfigurationName = Release;
		};
		137DE3D22D9231C900DC08D2 /* Build configuration list for PBXNativeTarget "TimetableWidgetExtension" */ = {
			isa = XCConfigurationList;
			buildConfigurations = (
				137DE3D32D9231C900DC08D2 /* Debug */,
				137DE3D42D9231C900DC08D2 /* Release */,
			);
			defaultConfigurationIsVisible = 0;
			defaultConfigurationName = Release;
		};
		13E90A332D8E41A300B91F46 /* Build configuration list for PBXNativeTarget "BusWidgetExtension" */ = {
			isa = XCConfigurationList;
			buildConfigurations = (
				13E90A342D8E41A300B91F46 /* Debug */,
				13E90A352D8E41A300B91F46 /* Release */,
			);
			defaultConfigurationIsVisible = 0;
			defaultConfigurationName = Release;
		};
/* End XCConfigurationList section */
	};
	rootObject = 134628E62D70417E00A27E98 /* Project object */;
}
